
Microsoft Visual Studio Solution File, Format Version 12.00
# Visual Studio 2013
VisualStudioVersion = 12.0.31101.0
MinimumVisualStudioVersion = 10.0.40219.1
Project("{FAE04EC0-301F-11D3-BF4B-00C04F79EFBC}") = "BTC-R", "BTC-R\BTC-R.csproj", "{73673F3C-C01B-4979-9FE9-7E21E236D2F4}"
EndProject
Project("{2150E333-8FDC-42A3-9474-1A3956D46DE8}") = ".nuget", ".nuget", "{B0AB2711-6329-4F6E-A152-92E08BCF9DAB}"
	ProjectSection(SolutionItems) = preProject
		.nuget\packages.config = .nuget\packages.config
	EndProjectSection
EndProject
Global
	GlobalSection(SolutionConfigurationPlatforms) = preSolution
		Debug|Any CPU = Debug|Any CPU
		Release|Any CPU = Release|Any CPU
	EndGlobalSection
	GlobalSection(ProjectConfigurationPlatforms) = postSolution
		{73673F3C-C01B-4979-9FE9-7E21E236D2F4}.Debug|Any CPU.ActiveCfg = Debug|Any CPU
		{73673F3C-C01B-4979-9FE9-7E21E236D2F4}.Debug|Any CPU.Build.0 = Debug|Any CPU
		{73673F3C-C01B-4979-9FE9-7E21E236D2F4}.Release|Any CPU.ActiveCfg = Release|Any CPU
		{73673F3C-C01B-4979-9FE9-7E21E236D2F4}.Release|Any CPU.Build.0 = Release|Any CPU
	EndGlobalSection
	GlobalSection(SolutionProperties) = preSolution
		HideSolutionNode = FALSE
	EndGlobalSection
EndGlobal
